
Microsoft Visual Studio Solution File, Format Version 12.00
# Visual Studio Version 16
VisualStudioVersion = 16.0.30320.27
MinimumVisualStudioVersion = 10.0.40219.1
Project("{FAE04EC0-301F-11D3-BF4B-00C04F79EFBC}") = "ConsoleApp1", "ConsoleApp1\ConsoleApp1.csproj", "{6B7639AD-545E-4B3F-8360-451E02C72645}"
EndProject
Global
	GlobalSection(SolutionConfigurationPlatforms) = preSolution
		Debug|Any CPU = Debug|Any CPU
		Release|Any CPU = Release|Any CPU
	EndGlobalSection
	GlobalSection(ProjectConfigurationPlatforms) = postSolution
		{6B7639AD-545E-4B3F-8360-451E02C72645}.Debug|Any CPU.ActiveCfg = Debug|Any CPU
		{6B7639AD-545E-4B3F-8360-451E02C72645}.Debug|Any CPU.Build.0 = Debug|Any CPU
		{6B7639AD-545E-4B3F-8360-451E02C72645}.Release|Any CPU.ActiveCfg = Release|Any CPU
		{6B7639AD-545E-4B3F-8360-451E02C72645}.Release|Any CPU.Build.0 = Release|Any CPU
	EndGlobalSection
	GlobalSection(SolutionProperties) = preSolution
		HideSolutionNode = FALSE
	EndGlobalSection
	GlobalSection(ExtensibilityGlobals) = postSolution
		SolutionGuid = {4023AB89-6DD8-4814-85F0-FA31501540F4}
	EndGlobalSection
EndGlobal
